Microsoft Visual Studio Solution File, Format Version 8.00
Project("{8BC9CEB8-8B4A-11D0-8D11-00A0C91BC942}") = "basicmodule", "basicmodule\basicmodule.vcproj", "{6B50F866-1E76-4D1E-9F3F-22F446E67BD8}"
	ProjectSection(ProjectDependencies) = postProject
	EndProjectSection
EndProject
Project("{8BC9CEB8-8B4A-11D0-8D11-00A0C91BC942}") = "pjx", "pjx\pjx.vcproj", "{CA259558-1E66-4834-AF45-C5AE9D9AB43D}"
	ProjectSection(ProjectDependencies) = postProject
	EndProjectSection
EndProject
Project("{8BC9CEB8-8B4A-11D0-8D11-00A0C91BC942}") = "SDL_Pango", "SDL_Pango\SDL_Pango.vcproj", "{4250E40F-28F5-402F-A69C-FFD0C8334351}"
	ProjectSection(ProjectDependencies) = postProject
		{CA259558-1E66-4834-AF45-C5AE9D9AB43D} = {CA259558-1E66-4834-AF45-C5AE9D9AB43D}
	EndProjectSection
EndProject
Project("{8BC9CEB8-8B4A-11D0-8D11-00A0C91BC942}") = "testbench", "testbench\testbench.vcproj", "{64006E0E-E36F-4F39-8071-B289A121AF64}"
	ProjectSection(ProjectDependencies) = postProject
		{4250E40F-28F5-402F-A69C-FFD0C8334351} = {4250E40F-28F5-402F-A69C-FFD0C8334351}
	EndProjectSection
EndProject
Project("{8BC9CEB8-8B4A-11D0-8D11-00A0C91BC942}") = "xDemoNieves", "xDemoNieves\xDemoNieves.vcproj", "{B43D9732-8165-4D25-AC41-D2A738C3EA07}"
	ProjectSection(ProjectDependencies) = postProject
		{4250E40F-28F5-402F-A69C-FFD0C8334351} = {4250E40F-28F5-402F-A69C-FFD0C8334351}
	EndProjectSection
EndProject
Project("{8BC9CEB8-8B4A-11D0-8D11-00A0C91BC942}") = "xDemoVapors", "xDemoVapors\xDemoVapors.vcproj", "{138B07D9-BA3A-4746-A42D-D4D7AD39D991}"
	ProjectSection(ProjectDependencies) = postProject
		{4250E40F-28F5-402F-A69C-FFD0C8334351} = {4250E40F-28F5-402F-A69C-FFD0C8334351}
	EndProjectSection
EndProject
Global
	GlobalSection(SolutionConfiguration) = preSolution
		Debug = Debug
		Release = Release
	EndGlobalSection
	GlobalSection(ProjectConfiguration) = postSolution
		{6B50F866-1E76-4D1E-9F3F-22F446E67BD8}.Debug.ActiveCfg = Debug|Win32
		{6B50F866-1E76-4D1E-9F3F-22F446E67BD8}.Debug.Build.0 = Debug|Win32
		{6B50F866-1E76-4D1E-9F3F-22F446E67BD8}.Release.ActiveCfg = Release|Win32
		{6B50F866-1E76-4D1E-9F3F-22F446E67BD8}.Release.Build.0 = Release|Win32
		{CA259558-1E66-4834-AF45-C5AE9D9AB43D}.Debug.ActiveCfg = Debug|Win32
		{CA259558-1E66-4834-AF45-C5AE9D9AB43D}.Debug.Build.0 = Debug|Win32
		{CA259558-1E66-4834-AF45-C5AE9D9AB43D}.Release.ActiveCfg = Release|Win32
		{CA259558-1E66-4834-AF45-C5AE9D9AB43D}.Release.Build.0 = Release|Win32
		{4250E40F-28F5-402F-A69C-FFD0C8334351}.Debug.ActiveCfg = Debug|Win32
		{4250E40F-28F5-402F-A69C-FFD0C8334351}.Debug.Build.0 = Debug|Win32
		{4250E40F-28F5-402F-A69C-FFD0C8334351}.Release.ActiveCfg = Release|Win32
		{4250E40F-28F5-402F-A69C-FFD0C8334351}.Release.Build.0 = Release|Win32
		{64006E0E-E36F-4F39-8071-B289A121AF64}.Debug.ActiveCfg = Debug|Win32
		{64006E0E-E36F-4F39-8071-B289A121AF64}.Debug.Build.0 = Debug|Win32
		{64006E0E-E36F-4F39-8071-B289A121AF64}.Release.ActiveCfg = Release|Win32
		{64006E0E-E36F-4F39-8071-B289A121AF64}.Release.Build.0 = Release|Win32
		{B43D9732-8165-4D25-AC41-D2A738C3EA07}.Debug.ActiveCfg = Debug|Win32
		{B43D9732-8165-4D25-AC41-D2A738C3EA07}.Debug.Build.0 = Debug|Win32
		{B43D9732-8165-4D25-AC41-D2A738C3EA07}.Release.ActiveCfg = Release|Win32
		{B43D9732-8165-4D25-AC41-D2A738C3EA07}.Release.Build.0 = Release|Win32
		{138B07D9-BA3A-4746-A42D-D4D7AD39D991}.Debug.ActiveCfg = Debug|Win32
		{138B07D9-BA3A-4746-A42D-D4D7AD39D991}.Debug.Build.0 = Debug|Win32
		{138B07D9-BA3A-4746-A42D-D4D7AD39D991}.Release.ActiveCfg = Release|Win32
		{138B07D9-BA3A-4746-A42D-D4D7AD39D991}.Release.Build.0 = Release|Win32
	EndGlobalSection
	GlobalSection(ExtensibilityGlobals) = postSolution
	EndGlobalSection
	GlobalSection(ExtensibilityAddIns) = postSolution
	EndGlobalSection
EndGlobal
